
Microsoft Visual Studio Solution File, Format Version 12.00
# Visual Studio Version 16
VisualStudioVersion = 16.0.30611.23
MinimumVisualStudioVersion = 10.0.40219.1
Project("{8BC9CEB8-8B4A-11D0-8D11-00A0C91BC942}") = "GridIO", "GridIO\GridIO.vcxproj", "{21B5359D-B2F1-4C3F-9D03-BCFBD82A502E}"
EndProject
Project("{9A19103F-16F7-4668-BE54-9A1E7A4F7556}") = "GridIOInterface", "GridIOInterface\GridIOInterface.csproj", "{E6809829-D8A1-46DA-AAB6-F89F1CF05F01}"
	ProjectSection(ProjectDependencies) = postProject
		{21B5359D-B2F1-4C3F-9D03-BCFBD82A502E} = {21B5359D-B2F1-4C3F-9D03-BCFBD82A502E}
	EndProjectSection
EndProject
Global
	GlobalSection(SolutionConfigurationPlatforms) = preSolution
		Debug|Any CPU = Debug|Any CPU
		Debug|x64 = Debug|x64
		Debug|x86 = Debug|x86
		Release|Any CPU = Release|Any CPU
		Release|x64 = Release|x64
		Release|x86 = Release|x86
	EndGlobalSection
	GlobalSection(ProjectConfigurationPlatforms) = postSolution
		{21B5359D-B2F1-4C3F-9D03-BCFBD82A502E}.Debug|Any CPU.ActiveCfg = Debug|Win32
		{21B5359D-B2F1-4C3F-9D03-BCFBD82A502E}.Debug|Any CPU.Build.0 = Debug|Win32
		{21B5359D-B2F1-4C3F-9D03-BCFBD82A502E}.Debug|x64.ActiveCfg = Debug|x64
		{21B5359D-B2F1-4C3F-9D03-BCFBD82A502E}.Debug|x64.Build.0 = Debug|x64
		{21B5359D-B2F1-4C3F-9D03-BCFBD82A502E}.Debug|x86.ActiveCfg = Debug|Win32
		{21B5359D-B2F1-4C3F-9D03-BCFBD82A502E}.Debug|x86.Build.0 = Debug|Win32
		{21B5359D-B2F1-4C3F-9D03-BCFBD82A502E}.Release|Any CPU.ActiveCfg = Release|Win32
		{21B5359D-B2F1-4C3F-9D03-BCFBD82A502E}.Release|Any CPU.Build.0 = Release|Win32
		{21B5359D-B2F1-4C3F-9D03-BCFBD82A502E}.Release|x64.ActiveCfg = Release|x64
		{21B5359D-B2F1-4C3F-9D03-BCFBD82A502E}.Release|x64.Build.0 = Release|x64
		{21B5359D-B2F1-4C3F-9D03-BCFBD82A502E}.Release|x86.ActiveCfg = Release|Win32
		{21B5359D-B2F1-4C3F-9D03-BCFBD82A502E}.Release|x86.Build.0 = Release|Win32
		{E6809829-D8A1-46DA-AAB6-F89F1CF05F01}.Debug|Any CPU.ActiveCfg = Debug|Any CPU
		{E6809829-D8A1-46DA-AAB6-F89F1CF05F01}.Debug|Any CPU.Build.0 = Debug|Any CPU
		{E6809829-D8A1-46DA-AAB6-F89F1CF05F01}.Debug|x64.ActiveCfg = Debug|Any CPU
		{E6809829-D8A1-46DA-AAB6-F89F1CF05F01}.Debug|x64.Build.0 = Debug|Any CPU
		{E6809829-D8A1-46DA-AAB6-F89F1CF05F01}.Debug|x86.ActiveCfg = Debug|Any CPU
		{E6809829-D8A1-46DA-AAB6-F89F1CF05F01}.Debug|x86.Build.0 = Debug|Any CPU
		{E6809829-D8A1-46DA-AAB6-F89F1CF05F01}.Release|Any CPU.ActiveCfg = Release|Any CPU
		{E6809829-D8A1-46DA-AAB6-F89F1CF05F01}.Release|Any CPU.Build.0 = Release|Any CPU
		{E6809829-D8A1-46DA-AAB6-F89F1CF05F01}.Release|x64.ActiveCfg = Release|Any CPU
		{E6809829-D8A1-46DA-AAB6-F89F1CF05F01}.Release|x64.Build.0 = Release|Any CPU
		{E6809829-D8A1-46DA-AAB6-F89F1CF05F01}.Release|x86.ActiveCfg = Release|Any CPU
		{E6809829-D8A1-46DA-AAB6-F89F1CF05F01}.Release|x86.Build.0 = Release|Any CPU
	EndGlobalSection
	GlobalSection(SolutionProperties) = preSolution
		HideSolutionNode = FALSE
	EndGlobalSection
	GlobalSection(ExtensibilityGlobals) = postSolution
		SolutionGuid = {918AF0E1-8068-4296-A5D0-093F3FAEB27D}
	EndGlobalSection
EndGlobal
